
Microsoft Visual Studio Solution File, Format Version 12.00
# Visual Studio Version 17
VisualStudioVersion = 17.1.32328.378
MinimumVisualStudioVersion = 10.0.40219.1
Project("{9A19103F-16F7-4668-BE54-9A1E7A4F7556}") = "BigScreen.Backend", "Backend\BigScreen.Backend\BigScreen.Backend.csproj", "{63C408DD-FB3D-481D-A463-080B38E89D60}"
EndProject
Project("{9A19103F-16F7-4668-BE54-9A1E7A4F7556}") = "BigScreen.Core", "Core\BigScreen.Core\BigScreen.Core.csproj", "{9F69674C-6AE3-4CD0-AE47-B4DB9AC1BA5B}"
EndProject
Project("{9A19103F-16F7-4668-BE54-9A1E7A4F7556}") = "BigScreen.Backend.Test", "Backend\BigScreen.Backend.Test\BigScreen.Backend.Test.csproj", "{DDB46AC1-1A04-49F5-86A9-E4DEC8686A82}"
EndProject
Project("{9A19103F-16F7-4668-BE54-9A1E7A4F7556}") = "BigScreen.Backend.Core", "Backend\BigScreen.Backend.Core\BigScreen.Backend.Core.csproj", "{4BAE52BD-15A3-4BBD-AFA0-8492A3DDA868}"
EndProject
Project("{9A19103F-16F7-4668-BE54-9A1E7A4F7556}") = "BigScreen.SDK.DataAccess", "SDK\DataAccess\BigScreen.SDK.DataAccess\BigScreen.SDK.DataAccess.csproj", "{C8F29884-D612-40CD-90BA-24CB7D0EA4E7}"
EndProject
Project("{9A19103F-16F7-4668-BE54-9A1E7A4F7556}") = "BigScreen.SDK.DataAccess.Core", "SDK\DataAccess\BigScreen.SDK.DataAccess.Core\BigScreen.SDK.DataAccess.Core.csproj", "{D1E92770-6BA1-4902-8DA0-3690F25CF9F4}"
EndProject
Project("{9A19103F-16F7-4668-BE54-9A1E7A4F7556}") = "BigScreen.SDK.DataAccess.Test", "SDK\DataAccess\BigScreen.SDK.DataAccess.Test\BigScreen.SDK.DataAccess.Test.csproj", "{D34BDFE6-DAA9-41D5-A4D7-FCCB786A37DE}"
EndProject
Project("{9A19103F-16F7-4668-BE54-9A1E7A4F7556}") = "BigScreen.SDK.DataAccess.Abstractions", "SDK\DataAccess\BigScreen.SDK.DataAccess.Abstractions\BigScreen.SDK.DataAccess.Abstractions.csproj", "{ED912F38-E30F-4FBD-9913-C92E96FCA21C}"
EndProject
Project("{9A19103F-16F7-4668-BE54-9A1E7A4F7556}") = "BigScreen.SDK.WebAPI", "SDK\WebAPI\BigScreen.SDK.WebAPI\BigScreen.SDK.WebAPI.csproj", "{37BAFEA1-0038-445D-A07A-C4635D96E68D}"
EndProject
Project("{9A19103F-16F7-4668-BE54-9A1E7A4F7556}") = "BigScreen.SDK.WebAPI.Abstractions", "SDK\WebAPI\BigScreen.SDK.WebAPI.Abstractions\BigScreen.SDK.WebAPI.Abstractions.csproj", "{380E35FE-6B90-48F3-931B-958944713F6A}"
EndProject
Project("{9A19103F-16F7-4668-BE54-9A1E7A4F7556}") = "BigScreen.SDK.WebAPI.Core", "SDK\WebAPI\BigScreen.SDK.WebAPI.Core\BigScreen.SDK.WebAPI.Core.csproj", "{BEF44A0E-F95B-42BA-A97D-B652965BB2D3}"
EndProject
Project("{9A19103F-16F7-4668-BE54-9A1E7A4F7556}") = "BigScreen.SDK.WebAPI.Test", "SDK\WebAPI\BigScreen.SDK.WebAPI.Test\BigScreen.SDK.WebAPI.Test.csproj", "{F680D9BF-E363-4729-AF88-F090651E3BA5}"
EndProject
Project("{9A19103F-16F7-4668-BE54-9A1E7A4F7556}") = "BigScreen.Frontend", "Frontend\BigScreen.Frontend\BigScreen.Frontend.csproj", "{E7552162-DDEC-4ECB-AB2E-269914CA519A}"
EndProject
Project("{2150E333-8FDC-42A3-9474-1A3956D46DE8}") = "SDK", "SDK", "{13B5C281-085E-4572-8FCA-4143625634E6}"
EndProject
Project("{2150E333-8FDC-42A3-9474-1A3956D46DE8}") = "DataAccess", "DataAccess", "{1D24A7D9-0A62-4B45-8BEE-CC4DB7063407}"
EndProject
Project("{2150E333-8FDC-42A3-9474-1A3956D46DE8}") = "WebAPI", "WebAPI", "{B1BF5587-AF7C-4588-A8C1-59EC89F75AFE}"
EndProject
Project("{2150E333-8FDC-42A3-9474-1A3956D46DE8}") = "BigScreen", "BigScreen", "{20DDC148-4A94-4673-80C5-FB766BAABA10}"
EndProject
Project("{2150E333-8FDC-42A3-9474-1A3956D46DE8}") = "Client", "Client", "{7F41A4E6-3ABC-4703-8899-72FC10D02A32}"
EndProject
Project("{9A19103F-16F7-4668-BE54-9A1E7A4F7556}") = "BigScreen.Frontend.Client", "Frontend\BigScreen.Frontend.Client\BigScreen.Frontend.Client.csproj", "{D956ADC5-A603-45EC-B0C4-DB2BC7D00A65}"
EndProject
Project("{9A19103F-16F7-4668-BE54-9A1E7A4F7556}") = "BigScreen.Frontend.Core", "Frontend\BigScreen.Frontend.Core\BigScreen.Frontend.Core.csproj", "{07068B8E-071A-4CA9-80A6-9093092E02CA}"
EndProject
Project("{9A19103F-16F7-4668-BE54-9A1E7A4F7556}") = "BigScreen.SDK.Client", "SDK\Client\BigScreen.SDK.Client\BigScreen.SDK.Client.csproj", "{0EA9DF65-8AB2-4FD8-8235-518D364FDC76}"
EndProject
Project("{9A19103F-16F7-4668-BE54-9A1E7A4F7556}") = "BigScreen.SDK.Client.Abstractions", "SDK\Client\BigScreen.SDK.Client.Abstractions\BigScreen.SDK.Client.Abstractions.csproj", "{027B2D34-7245-4A45-99C2-1F95E52AF15A}"
EndProject
Project("{2150E333-8FDC-42A3-9474-1A3956D46DE8}") = "Utilities", "Utilities", "{985D63A3-4BBE-4A2D-90CD-382233DF060E}"
EndProject
Project("{9A19103F-16F7-4668-BE54-9A1E7A4F7556}") = "BigScreen.SDK.Utilities", "SDK\Utilities\Utilities\BigScreen.SDK.Utilities.csproj", "{E3AEE0A8-BABF-43FB-AA7A-0D7D7A358009}"
EndProject
Global
	GlobalSection(SolutionConfigurationPlatforms) = preSolution
		Debug|Any CPU = Debug|Any CPU
		Release|Any CPU = Release|Any CPU
	EndGlobalSection
	GlobalSection(ProjectConfigurationPlatforms) = postSolution
		{63C408DD-FB3D-481D-A463-080B38E89D60}.Debug|Any CPU.ActiveCfg = Debug|Any CPU
		{63C408DD-FB3D-481D-A463-080B38E89D60}.Debug|Any CPU.Build.0 = Debug|Any CPU
		{63C408DD-FB3D-481D-A463-080B38E89D60}.Release|Any CPU.ActiveCfg = Release|Any CPU
		{63C408DD-FB3D-481D-A463-080B38E89D60}.Release|Any CPU.Build.0 = Release|Any CPU
		{9F69674C-6AE3-4CD0-AE47-B4DB9AC1BA5B}.Debug|Any CPU.ActiveCfg = Debug|Any CPU
		{9F69674C-6AE3-4CD0-AE47-B4DB9AC1BA5B}.Debug|Any CPU.Build.0 = Debug|Any CPU
		{9F69674C-6AE3-4CD0-AE47-B4DB9AC1BA5B}.Release|Any CPU.ActiveCfg = Release|Any CPU
		{9F69674C-6AE3-4CD0-AE47-B4DB9AC1BA5B}.Release|Any CPU.Build.0 = Release|Any CPU
		{DDB46AC1-1A04-49F5-86A9-E4DEC8686A82}.Debug|Any CPU.ActiveCfg = Debug|Any CPU
		{DDB46AC1-1A04-49F5-86A9-E4DEC8686A82}.Debug|Any CPU.Build.0 = Debug|Any CPU
		{DDB46AC1-1A04-49F5-86A9-E4DEC8686A82}.Release|Any CPU.ActiveCfg = Release|Any CPU
		{DDB46AC1-1A04-49F5-86A9-E4DEC8686A82}.Release|Any CPU.Build.0 = Release|Any CPU
		{4BAE52BD-15A3-4BBD-AFA0-8492A3DDA868}.Debug|Any CPU.ActiveCfg = Debug|Any CPU
		{4BAE52BD-15A3-4BBD-AFA0-8492A3DDA868}.Debug|Any CPU.Build.0 = Debug|Any CPU
		{4BAE52BD-15A3-4BBD-AFA0-8492A3DDA868}.Release|Any CPU.ActiveCfg = Release|Any CPU
		{4BAE52BD-15A3-4BBD-AFA0-8492A3DDA868}.Release|Any CPU.Build.0 = Release|Any CPU
		{C8F29884-D612-40CD-90BA-24CB7D0EA4E7}.Debug|Any CPU.ActiveCfg = Debug|Any CPU
		{C8F29884-D612-40CD-90BA-24CB7D0EA4E7}.Debug|Any CPU.Build.0 = Debug|Any CPU
		{C8F29884-D612-40CD-90BA-24CB7D0EA4E7}.Release|Any CPU.ActiveCfg = Release|Any CPU
		{C8F29884-D612-40CD-90BA-24CB7D0EA4E7}.Release|Any CPU.Build.0 = Release|Any CPU
		{D1E92770-6BA1-4902-8DA0-3690F25CF9F4}.Debug|Any CPU.ActiveCfg = Debug|Any CPU
		{D1E92770-6BA1-4902-8DA0-3690F25CF9F4}.Debug|Any CPU.Build.0 = Debug|Any CPU
		{D1E92770-6BA1-4902-8DA0-3690F25CF9F4}.Release|Any CPU.ActiveCfg = Release|Any CPU
		{D1E92770-6BA1-4902-8DA0-3690F25CF9F4}.Release|Any CPU.Build.0 = Release|Any CPU
		{D34BDFE6-DAA9-41D5-A4D7-FCCB786A37DE}.Debug|Any CPU.ActiveCfg = Debug|Any CPU
		{D34BDFE6-DAA9-41D5-A4D7-FCCB786A37DE}.Debug|Any CPU.Build.0 = Debug|Any CPU
		{D34BDFE6-DAA9-41D5-A4D7-FCCB786A37DE}.Release|Any CPU.ActiveCfg = Release|Any CPU
		{D34BDFE6-DAA9-41D5-A4D7-FCCB786A37DE}.Release|Any CPU.Build.0 = Release|Any CPU
		{ED912F38-E30F-4FBD-9913-C92E96FCA21C}.Debug|Any CPU.ActiveCfg = Debug|Any CPU
		{ED912F38-E30F-4FBD-9913-C92E96FCA21C}.Debug|Any CPU.Build.0 = Debug|Any CPU
		{ED912F38-E30F-4FBD-9913-C92E96FCA21C}.Release|Any CPU.ActiveCfg = Release|Any CPU
		{ED912F38-E30F-4FBD-9913-C92E96FCA21C}.Release|Any CPU.Build.0 = Release|Any CPU
		{37BAFEA1-0038-445D-A07A-C4635D96E68D}.Debug|Any CPU.ActiveCfg = Debug|Any CPU
		{37BAFEA1-0038-445D-A07A-C4635D96E68D}.Debug|Any CPU.Build.0 = Debug|Any CPU
		{37BAFEA1-0038-445D-A07A-C4635D96E68D}.Release|Any CPU.ActiveCfg = Release|Any CPU
		{37BAFEA1-0038-445D-A07A-C4635D96E68D}.Release|Any CPU.Build.0 = Release|Any CPU
		{380E35FE-6B90-48F3-931B-958944713F6A}.Debug|Any CPU.ActiveCfg = Debug|Any CPU
		{380E35FE-6B90-48F3-931B-958944713F6A}.Debug|Any CPU.Build.0 = Debug|Any CPU
		{380E35FE-6B90-48F3-931B-958944713F6A}.Release|Any CPU.ActiveCfg = Release|Any CPU
		{380E35FE-6B90-48F3-931B-958944713F6A}.Release|Any CPU.Build.0 = Release|Any CPU
		{BEF44A0E-F95B-42BA-A97D-B652965BB2D3}.Debug|Any CPU.ActiveCfg = Debug|Any CPU
		{BEF44A0E-F95B-42BA-A97D-B652965BB2D3}.Debug|Any CPU.Build.0 = Debug|Any CPU
		{BEF44A0E-F95B-42BA-A97D-B652965BB2D3}.Release|Any CPU.ActiveCfg = Release|Any CPU
		{BEF44A0E-F95B-42BA-A97D-B652965BB2D3}.Release|Any CPU.Build.0 = Release|Any CPU
		{F680D9BF-E363-4729-AF88-F090651E3BA5}.Debug|Any CPU.ActiveCfg = Debug|Any CPU
		{F680D9BF-E363-4729-AF88-F090651E3BA5}.Debug|Any CPU.Build.0 = Debug|Any CPU
		{F680D9BF-E363-4729-AF88-F090651E3BA5}.Release|Any CPU.ActiveCfg = Release|Any CPU
		{F680D9BF-E363-4729-AF88-F090651E3BA5}.Release|Any CPU.Build.0 = Release|Any CPU
		{E7552162-DDEC-4ECB-AB2E-269914CA519A}.Debug|Any CPU.ActiveCfg = Debug|Any CPU
		{E7552162-DDEC-4ECB-AB2E-269914CA519A}.Debug|Any CPU.Build.0 = Debug|Any CPU
		{E7552162-DDEC-4ECB-AB2E-269914CA519A}.Release|Any CPU.ActiveCfg = Release|Any CPU
		{E7552162-DDEC-4ECB-AB2E-269914CA519A}.Release|Any CPU.Build.0 = Release|Any CPU
		{D956ADC5-A603-45EC-B0C4-DB2BC7D00A65}.Debug|Any CPU.ActiveCfg = Debug|Any CPU
		{D956ADC5-A603-45EC-B0C4-DB2BC7D00A65}.Debug|Any CPU.Build.0 = Debug|Any CPU
		{D956ADC5-A603-45EC-B0C4-DB2BC7D00A65}.Release|Any CPU.ActiveCfg = Release|Any CPU
		{D956ADC5-A603-45EC-B0C4-DB2BC7D00A65}.Release|Any CPU.Build.0 = Release|Any CPU
		{07068B8E-071A-4CA9-80A6-9093092E02CA}.Debug|Any CPU.ActiveCfg = Debug|Any CPU
		{07068B8E-071A-4CA9-80A6-9093092E02CA}.Debug|Any CPU.Build.0 = Debug|Any CPU
		{07068B8E-071A-4CA9-80A6-9093092E02CA}.Release|Any CPU.ActiveCfg = Release|Any CPU
		{07068B8E-071A-4CA9-80A6-9093092E02CA}.Release|Any CPU.Build.0 = Release|Any CPU
		{0EA9DF65-8AB2-4FD8-8235-518D364FDC76}.Debug|Any CPU.ActiveCfg = Debug|Any CPU
		{0EA9DF65-8AB2-4FD8-8235-518D364FDC76}.Debug|Any CPU.Build.0 = Debug|Any CPU
		{0EA9DF65-8AB2-4FD8-8235-518D364FDC76}.Release|Any CPU.ActiveCfg = Release|Any CPU
		{0EA9DF65-8AB2-4FD8-8235-518D364FDC76}.Release|Any CPU.Build.0 = Release|Any CPU
		{027B2D34-7245-4A45-99C2-1F95E52AF15A}.Debug|Any CPU.ActiveCfg = Debug|Any CPU
		{027B2D34-7245-4A45-99C2-1F95E52AF15A}.Debug|Any CPU.Build.0 = Debug|Any CPU
		{027B2D34-7245-4A45-99C2-1F95E52AF15A}.Release|Any CPU.ActiveCfg = Release|Any CPU
		{027B2D34-7245-4A45-99C2-1F95E52AF15A}.Release|Any CPU.Build.0 = Release|Any CPU
		{E3AEE0A8-BABF-43FB-AA7A-0D7D7A358009}.Debug|Any CPU.ActiveCfg = Debug|Any CPU
		{E3AEE0A8-BABF-43FB-AA7A-0D7D7A358009}.Debug|Any CPU.Build.0 = Debug|Any CPU
		{E3AEE0A8-BABF-43FB-AA7A-0D7D7A358009}.Release|Any CPU.ActiveCfg = Release|Any CPU
		{E3AEE0A8-BABF-43FB-AA7A-0D7D7A358009}.Release|Any CPU.Build.0 = Release|Any CPU
	EndGlobalSection
	GlobalSection(SolutionProperties) = preSolution
		HideSolutionNode = FALSE
	EndGlobalSection
	GlobalSection(NestedProjects) = preSolution
		{63C408DD-FB3D-481D-A463-080B38E89D60} = {20DDC148-4A94-4673-80C5-FB766BAABA10}
		{9F69674C-6AE3-4CD0-AE47-B4DB9AC1BA5B} = {20DDC148-4A94-4673-80C5-FB766BAABA10}
		{DDB46AC1-1A04-49F5-86A9-E4DEC8686A82} = {20DDC148-4A94-4673-80C5-FB766BAABA10}
		{4BAE52BD-15A3-4BBD-AFA0-8492A3DDA868} = {20DDC148-4A94-4673-80C5-FB766BAABA10}
		{C8F29884-D612-40CD-90BA-24CB7D0EA4E7} = {1D24A7D9-0A62-4B45-8BEE-CC4DB7063407}
		{D1E92770-6BA1-4902-8DA0-3690F25CF9F4} = {1D24A7D9-0A62-4B45-8BEE-CC4DB7063407}
		{D34BDFE6-DAA9-41D5-A4D7-FCCB786A37DE} = {1D24A7D9-0A62-4B45-8BEE-CC4DB7063407}
		{ED912F38-E30F-4FBD-9913-C92E96FCA21C} = {1D24A7D9-0A62-4B45-8BEE-CC4DB7063407}
		{37BAFEA1-0038-445D-A07A-C4635D96E68D} = {B1BF5587-AF7C-4588-A8C1-59EC89F75AFE}
		{380E35FE-6B90-48F3-931B-958944713F6A} = {B1BF5587-AF7C-4588-A8C1-59EC89F75AFE}
		{BEF44A0E-F95B-42BA-A97D-B652965BB2D3} = {B1BF5587-AF7C-4588-A8C1-59EC89F75AFE}
		{F680D9BF-E363-4729-AF88-F090651E3BA5} = {B1BF5587-AF7C-4588-A8C1-59EC89F75AFE}
		{E7552162-DDEC-4ECB-AB2E-269914CA519A} = {20DDC148-4A94-4673-80C5-FB766BAABA10}
		{1D24A7D9-0A62-4B45-8BEE-CC4DB7063407} = {13B5C281-085E-4572-8FCA-4143625634E6}
		{B1BF5587-AF7C-4588-A8C1-59EC89F75AFE} = {13B5C281-085E-4572-8FCA-4143625634E6}
		{7F41A4E6-3ABC-4703-8899-72FC10D02A32} = {13B5C281-085E-4572-8FCA-4143625634E6}
		{D956ADC5-A603-45EC-B0C4-DB2BC7D00A65} = {20DDC148-4A94-4673-80C5-FB766BAABA10}
		{07068B8E-071A-4CA9-80A6-9093092E02CA} = {20DDC148-4A94-4673-80C5-FB766BAABA10}
		{0EA9DF65-8AB2-4FD8-8235-518D364FDC76} = {7F41A4E6-3ABC-4703-8899-72FC10D02A32}
		{027B2D34-7245-4A45-99C2-1F95E52AF15A} = {7F41A4E6-3ABC-4703-8899-72FC10D02A32}
		{985D63A3-4BBE-4A2D-90CD-382233DF060E} = {13B5C281-085E-4572-8FCA-4143625634E6}
		{E3AEE0A8-BABF-43FB-AA7A-0D7D7A358009} = {985D63A3-4BBE-4A2D-90CD-382233DF060E}
	EndGlobalSection
	GlobalSection(ExtensibilityGlobals) = postSolution
		SolutionGuid = {F2E613F7-2ACA-4DDB-9283-7D8ECD9A9330}
	EndGlobalSection
EndGlobal
